
Microsoft Visual Studio Solution File, Format Version 12.00
# Visual Studio 15
VisualStudioVersion = 15.0.36101.20
MinimumVisualStudioVersion = 10.0.40219.1
Project("{FAE04EC0-301F-11D3-BF4B-00C04F79EFBC}") = "Pulse.Infrastructure", "Pulse.Infrastructure\Pulse.Infrastructure.csproj", "{4975BE0C-552E-4498-A144-F9B69F027EA6}"
EndProject
Project("{FAE04EC0-301F-11D3-BF4B-00C04F79EFBC}") = "Pulse.Services", "Pulse.Services\Pulse.Services.csproj", "{2B3957B5-5C17-43E0-A25E-CDC88226AB37}"
EndProject
Project("{FAE04EC0-301F-11D3-BF4B-00C04F79EFBC}") = "Pulse.SharedUtilities", "Pulse.SharedUtilities\Pulse.SharedUtilities.csproj", "{EBB7A8D6-24E5-4F1B-B82B-7815055ED1CE}"
EndProject
Project("{FAE04EC0-301F-11D3-BF4B-00C04F79EFBC}") = "Pulse.DataTransformationObjects", "Pulse.DataTransformationObjects\Pulse.DataTransformationObjects.csproj", "{BC2E351B-29F4-4E7D-9FE6-D68BB55834A5}"
EndProject
Project("{FAE04EC0-301F-11D3-BF4B-00C04F79EFBC}") = "Pulse.Web", "Pulse.Web\Pulse.Web.csproj", "{06BC94DF-1141-45A1-A5CF-75A6CCE35F61}"
EndProject
Project("{FAE04EC0-301F-11D3-BF4B-00C04F79EFBC}") = "Pulse.Api", "Pulse.Api\Pulse.Api.csproj", "{08A98F77-5F33-46A5-94F5-AB8545EE00AF}"
EndProject
Project("{FAE04EC0-301F-11D3-BF4B-00C04F79EFBC}") = "Pulse.Auth.Identity", "Pulse.Auth.Identity\Pulse.Auth.Identity.csproj", "{192F8079-FEC3-4FA4-95D4-7272534CE075}"
EndProject
Project("{FAE04EC0-301F-11D3-BF4B-00C04F79EFBC}") = "JwtKeyGenerator", "JwtKeyGenerator\JwtKeyGenerator.csproj", "{55151172-7624-4829-AFBF-8D8EEE51B43C}"
EndProject
Project("{FAE04EC0-301F-11D3-BF4B-00C04F79EFBC}") = "Pulse.Core", "Pulse.Core\Pulse.Core.csproj", "{609B14C0-2624-4ED5-BCEC-B27EBEDDCC2C}"
EndProject
Project("{FAE04EC0-301F-11D3-BF4B-00C04F79EFBC}") = "Pulse.ViewModels", "Pulse.ViewModels\Pulse.ViewModels.csproj", "{E69F3F88-8920-4E6A-B3B7-9AD5E69A28F6}"
EndProject
Project("{2150E333-8FDC-42A3-9474-1A3956D46DE8}") = "Core", "Core", "{DE3A60F6-F991-4AE8-B65B-FC7DEAA7AC82}"
EndProject
Project("{2150E333-8FDC-42A3-9474-1A3956D46DE8}") = "Hosts", "Hosts", "{69DF6C79-3891-46C1-8128-83D1DBB071F1}"
EndProject
Project("{2150E333-8FDC-42A3-9474-1A3956D46DE8}") = "Tools", "Tools", "{67D3D1B8-B162-43CE-860D-D39138D03039}"
EndProject
Global
	GlobalSection(SolutionConfigurationPlatforms) = preSolution
		Debug|Any CPU = Debug|Any CPU
		Release|Any CPU = Release|Any CPU
	EndGlobalSection
	GlobalSection(ProjectConfigurationPlatforms) = postSolution
		{4975BE0C-552E-4498-A144-F9B69F027EA6}.Debug|Any CPU.ActiveCfg = Debug|Any CPU
		{4975BE0C-552E-4498-A144-F9B69F027EA6}.Debug|Any CPU.Build.0 = Debug|Any CPU
		{4975BE0C-552E-4498-A144-F9B69F027EA6}.Release|Any CPU.ActiveCfg = Release|Any CPU
		{4975BE0C-552E-4498-A144-F9B69F027EA6}.Release|Any CPU.Build.0 = Release|Any CPU
		{2B3957B5-5C17-43E0-A25E-CDC88226AB37}.Debug|Any CPU.ActiveCfg = Debug|Any CPU
		{2B3957B5-5C17-43E0-A25E-CDC88226AB37}.Debug|Any CPU.Build.0 = Debug|Any CPU
		{2B3957B5-5C17-43E0-A25E-CDC88226AB37}.Release|Any CPU.ActiveCfg = Release|Any CPU
		{2B3957B5-5C17-43E0-A25E-CDC88226AB37}.Release|Any CPU.Build.0 = Release|Any CPU
		{EBB7A8D6-24E5-4F1B-B82B-7815055ED1CE}.Debug|Any CPU.ActiveCfg = Debug|Any CPU
		{EBB7A8D6-24E5-4F1B-B82B-7815055ED1CE}.Debug|Any CPU.Build.0 = Debug|Any CPU
		{EBB7A8D6-24E5-4F1B-B82B-7815055ED1CE}.Release|Any CPU.ActiveCfg = Release|Any CPU
		{EBB7A8D6-24E5-4F1B-B82B-7815055ED1CE}.Release|Any CPU.Build.0 = Release|Any CPU
		{BC2E351B-29F4-4E7D-9FE6-D68BB55834A5}.Debug|Any CPU.ActiveCfg = Debug|Any CPU
		{BC2E351B-29F4-4E7D-9FE6-D68BB55834A5}.Debug|Any CPU.Build.0 = Debug|Any CPU
		{BC2E351B-29F4-4E7D-9FE6-D68BB55834A5}.Release|Any CPU.ActiveCfg = Release|Any CPU
		{BC2E351B-29F4-4E7D-9FE6-D68BB55834A5}.Release|Any CPU.Build.0 = Release|Any CPU
		{06BC94DF-1141-45A1-A5CF-75A6CCE35F61}.Debug|Any CPU.ActiveCfg = Debug|Any CPU
		{06BC94DF-1141-45A1-A5CF-75A6CCE35F61}.Debug|Any CPU.Build.0 = Debug|Any CPU
		{06BC94DF-1141-45A1-A5CF-75A6CCE35F61}.Release|Any CPU.ActiveCfg = Release|Any CPU
		{06BC94DF-1141-45A1-A5CF-75A6CCE35F61}.Release|Any CPU.Build.0 = Release|Any CPU
		{08A98F77-5F33-46A5-94F5-AB8545EE00AF}.Debug|Any CPU.ActiveCfg = Debug|Any CPU
		{08A98F77-5F33-46A5-94F5-AB8545EE00AF}.Debug|Any CPU.Build.0 = Debug|Any CPU
		{08A98F77-5F33-46A5-94F5-AB8545EE00AF}.Release|Any CPU.ActiveCfg = Release|Any CPU
		{08A98F77-5F33-46A5-94F5-AB8545EE00AF}.Release|Any CPU.Build.0 = Release|Any CPU
		{192F8079-FEC3-4FA4-95D4-7272534CE075}.Debug|Any CPU.ActiveCfg = Debug|Any CPU
		{192F8079-FEC3-4FA4-95D4-7272534CE075}.Debug|Any CPU.Build.0 = Debug|Any CPU
		{192F8079-FEC3-4FA4-95D4-7272534CE075}.Release|Any CPU.ActiveCfg = Release|Any CPU
		{192F8079-FEC3-4FA4-95D4-7272534CE075}.Release|Any CPU.Build.0 = Release|Any CPU
		{55151172-7624-4829-AFBF-8D8EEE51B43C}.Debug|Any CPU.ActiveCfg = Debug|Any CPU
		{55151172-7624-4829-AFBF-8D8EEE51B43C}.Debug|Any CPU.Build.0 = Debug|Any CPU
		{55151172-7624-4829-AFBF-8D8EEE51B43C}.Release|Any CPU.ActiveCfg = Release|Any CPU
		{55151172-7624-4829-AFBF-8D8EEE51B43C}.Release|Any CPU.Build.0 = Release|Any CPU
		{609B14C0-2624-4ED5-BCEC-B27EBEDDCC2C}.Debug|Any CPU.ActiveCfg = Debug|Any CPU
		{609B14C0-2624-4ED5-BCEC-B27EBEDDCC2C}.Debug|Any CPU.Build.0 = Debug|Any CPU
		{609B14C0-2624-4ED5-BCEC-B27EBEDDCC2C}.Release|Any CPU.ActiveCfg = Release|Any CPU
		{609B14C0-2624-4ED5-BCEC-B27EBEDDCC2C}.Release|Any CPU.Build.0 = Release|Any CPU
		{E69F3F88-8920-4E6A-B3B7-9AD5E69A28F6}.Debug|Any CPU.ActiveCfg = Debug|Any CPU
		{E69F3F88-8920-4E6A-B3B7-9AD5E69A28F6}.Debug|Any CPU.Build.0 = Debug|Any CPU
		{E69F3F88-8920-4E6A-B3B7-9AD5E69A28F6}.Release|Any CPU.ActiveCfg = Release|Any CPU
		{E69F3F88-8920-4E6A-B3B7-9AD5E69A28F6}.Release|Any CPU.Build.0 = Release|Any CPU
	EndGlobalSection
	GlobalSection(SolutionProperties) = preSolution
		HideSolutionNode = FALSE
	EndGlobalSection
	GlobalSection(NestedProjects) = preSolution
		{4975BE0C-552E-4498-A144-F9B69F027EA6} = {DE3A60F6-F991-4AE8-B65B-FC7DEAA7AC82}
		{2B3957B5-5C17-43E0-A25E-CDC88226AB37} = {DE3A60F6-F991-4AE8-B65B-FC7DEAA7AC82}
		{EBB7A8D6-24E5-4F1B-B82B-7815055ED1CE} = {DE3A60F6-F991-4AE8-B65B-FC7DEAA7AC82}
		{BC2E351B-29F4-4E7D-9FE6-D68BB55834A5} = {DE3A60F6-F991-4AE8-B65B-FC7DEAA7AC82}
		{06BC94DF-1141-45A1-A5CF-75A6CCE35F61} = {69DF6C79-3891-46C1-8128-83D1DBB071F1}
		{08A98F77-5F33-46A5-94F5-AB8545EE00AF} = {69DF6C79-3891-46C1-8128-83D1DBB071F1}
		{192F8079-FEC3-4FA4-95D4-7272534CE075} = {DE3A60F6-F991-4AE8-B65B-FC7DEAA7AC82}
		{55151172-7624-4829-AFBF-8D8EEE51B43C} = {67D3D1B8-B162-43CE-860D-D39138D03039}
		{609B14C0-2624-4ED5-BCEC-B27EBEDDCC2C} = {DE3A60F6-F991-4AE8-B65B-FC7DEAA7AC82}
		{E69F3F88-8920-4E6A-B3B7-9AD5E69A28F6} = {DE3A60F6-F991-4AE8-B65B-FC7DEAA7AC82}
	EndGlobalSection
	GlobalSection(ExtensibilityGlobals) = postSolution
		SolutionGuid = {10E9E917-56F6-4DAC-8559-8BBEC3B9380E}
	EndGlobalSection
EndGlobal
